
Microsoft Visual Studio Solution File, Format Version 12.00
# Visual Studio Version 17
VisualStudioVersion = 17.5.002.0
MinimumVisualStudioVersion = 10.0.40219.1
Project("{9A19103F-16F7-4668-BE54-9A1E7A4F7556}") = "aoc", "dotnet\aoc.csproj", "{35F12518-2A82-4F31-A17E-7158878CC38B}"
EndProject
Global
	GlobalSection(SolutionConfigurationPlatforms) = preSolution
		Debug|Any CPU = Debug|Any CPU
		Release|Any CPU = Release|Any CPU
	EndGlobalSection
	GlobalSection(ProjectConfigurationPlatforms) = postSolution
		{35F12518-2A82-4F31-A17E-7158878CC38B}.Debug|Any CPU.ActiveCfg = Debug|Any CPU
		{35F12518-2A82-4F31-A17E-7158878CC38B}.Debug|Any CPU.Build.0 = Debug|Any CPU
		{35F12518-2A82-4F31-A17E-7158878CC38B}.Release|Any CPU.ActiveCfg = Release|Any CPU
		{35F12518-2A82-4F31-A17E-7158878CC38B}.Release|Any CPU.Build.0 = Release|Any CPU
	EndGlobalSection
	GlobalSection(SolutionProperties) = preSolution
		HideSolutionNode = FALSE
	EndGlobalSection
	GlobalSection(ExtensibilityGlobals) = postSolution
		SolutionGuid = {DE74D811-EE8F-48A5-A543-80674BA9218F}
	EndGlobalSection
EndGlobal
